
Microsoft Visual Studio Solution File, Format Version 12.00
# Visual Studio 15
VisualStudioVersion = 15.0.27004.2005
MinimumVisualStudioVersion = 10.0.40219.1
Project("{8BC9CEB8-8B4A-11D0-8D11-00A0C91BC942}") = "calexp4", "calexp4\calexp4.vcxproj", "{4BE1C92A-E58C-47CD-8351-F72563CA2444}"
	ProjectSection(ProjectDependencies) = postProject
		{2C7FA7AC-C5C6-48F7-8E13-8D9E3EBFA81F} = {2C7FA7AC-C5C6-48F7-8E13-8D9E3EBFA81F}
	EndProjectSection
EndProject
Project("{8BC9CEB8-8B4A-11D0-8D11-00A0C91BC942}") = "cal3d", "cal3d\cal3d.vcxproj", "{2C7FA7AC-C5C6-48F7-8E13-8D9E3EBFA81F}"
EndProject
Project("{8BC9CEB8-8B4A-11D0-8D11-00A0C91BC942}") = "calview", "calview\calview.vcxproj", "{450CC6BC-14FF-442D-B444-F97BBFD43FEE}"
EndProject
Global
	GlobalSection(SolutionConfigurationPlatforms) = preSolution
		Debug 2015|x64 = Debug 2015|x64
		Debug 2015|x86 = Debug 2015|x86
		Debug 2016|x64 = Debug 2016|x64
		Debug 2016|x86 = Debug 2016|x86
		Debug 2017|x64 = Debug 2017|x64
		Debug 2017|x86 = Debug 2017|x86
		Debug 2018|x64 = Debug 2018|x64
		Debug 2018|x86 = Debug 2018|x86
		Release 2015|x64 = Release 2015|x64
		Release 2015|x86 = Release 2015|x86
		Release 2016|x64 = Release 2016|x64
		Release 2016|x86 = Release 2016|x86
		Release 2017|x64 = Release 2017|x64
		Release 2017|x86 = Release 2017|x86
		Release 2018|x64 = Release 2018|x64
		Release 2018|x86 = Release 2018|x86
		Viewer|x64 = Viewer|x64
		Viewer|x86 = Viewer|x86
	EndGlobalSection
	GlobalSection(ProjectConfigurationPlatforms) = postSolution
		{4BE1C92A-E58C-47CD-8351-F72563CA2444}.Debug 2015|x64.ActiveCfg = Debug 2015|x64
		{4BE1C92A-E58C-47CD-8351-F72563CA2444}.Debug 2015|x64.Build.0 = Debug 2015|x64
		{4BE1C92A-E58C-47CD-8351-F72563CA2444}.Debug 2015|x86.ActiveCfg = Debug 2015|Win32
		{4BE1C92A-E58C-47CD-8351-F72563CA2444}.Debug 2015|x86.Build.0 = Debug 2015|Win32
		{4BE1C92A-E58C-47CD-8351-F72563CA2444}.Debug 2016|x64.ActiveCfg = Debug 2016|x64
		{4BE1C92A-E58C-47CD-8351-F72563CA2444}.Debug 2016|x64.Build.0 = Debug 2016|x64
		{4BE1C92A-E58C-47CD-8351-F72563CA2444}.Debug 2016|x86.ActiveCfg = Debug 2016|Win32
		{4BE1C92A-E58C-47CD-8351-F72563CA2444}.Debug 2016|x86.Build.0 = Debug 2016|Win32
		{4BE1C92A-E58C-47CD-8351-F72563CA2444}.Debug 2017|x64.ActiveCfg = Debug 2017|x64
		{4BE1C92A-E58C-47CD-8351-F72563CA2444}.Debug 2017|x64.Build.0 = Debug 2017|x64
		{4BE1C92A-E58C-47CD-8351-F72563CA2444}.Debug 2017|x86.ActiveCfg = Debug 2017|Win32
		{4BE1C92A-E58C-47CD-8351-F72563CA2444}.Debug 2017|x86.Build.0 = Debug 2017|Win32
		{4BE1C92A-E58C-47CD-8351-F72563CA2444}.Debug 2018|x64.ActiveCfg = Debug 2018|x64
		{4BE1C92A-E58C-47CD-8351-F72563CA2444}.Debug 2018|x64.Build.0 = Debug 2018|x64
		{4BE1C92A-E58C-47CD-8351-F72563CA2444}.Debug 2018|x86.ActiveCfg = Debug 2018|Win32
		{4BE1C92A-E58C-47CD-8351-F72563CA2444}.Debug 2018|x86.Build.0 = Debug 2018|Win32
		{4BE1C92A-E58C-47CD-8351-F72563CA2444}.Release 2015|x64.ActiveCfg = Release 2015|x64
		{4BE1C92A-E58C-47CD-8351-F72563CA2444}.Release 2015|x64.Build.0 = Release 2015|x64
		{4BE1C92A-E58C-47CD-8351-F72563CA2444}.Release 2015|x86.ActiveCfg = Release 2015|Win32
		{4BE1C92A-E58C-47CD-8351-F72563CA2444}.Release 2015|x86.Build.0 = Release 2015|Win32
		{4BE1C92A-E58C-47CD-8351-F72563CA2444}.Release 2016|x64.ActiveCfg = Release 2016|x64
		{4BE1C92A-E58C-47CD-8351-F72563CA2444}.Release 2016|x64.Build.0 = Release 2016|x64
		{4BE1C92A-E58C-47CD-8351-F72563CA2444}.Release 2016|x86.ActiveCfg = Release 2016|Win32
		{4BE1C92A-E58C-47CD-8351-F72563CA2444}.Release 2016|x86.Build.0 = Release 2016|Win32
		{4BE1C92A-E58C-47CD-8351-F72563CA2444}.Release 2017|x64.ActiveCfg = Release 2017|x64
		{4BE1C92A-E58C-47CD-8351-F72563CA2444}.Release 2017|x64.Build.0 = Release 2017|x64
		{4BE1C92A-E58C-47CD-8351-F72563CA2444}.Release 2017|x86.ActiveCfg = Release 2017|Win32
		{4BE1C92A-E58C-47CD-8351-F72563CA2444}.Release 2017|x86.Build.0 = Release 2017|Win32
		{4BE1C92A-E58C-47CD-8351-F72563CA2444}.Release 2018|x64.ActiveCfg = Release 2018|x64
		{4BE1C92A-E58C-47CD-8351-F72563CA2444}.Release 2018|x64.Build.0 = Release 2018|x64
		{4BE1C92A-E58C-47CD-8351-F72563CA2444}.Release 2018|x86.ActiveCfg = Release 2018|Win32
		{4BE1C92A-E58C-47CD-8351-F72563CA2444}.Release 2018|x86.Build.0 = Release 2018|Win32
		{4BE1C92A-E58C-47CD-8351-F72563CA2444}.Viewer|x64.ActiveCfg = Viewer|x64
		{4BE1C92A-E58C-47CD-8351-F72563CA2444}.Viewer|x86.ActiveCfg = Viewer|Win32
		{4BE1C92A-E58C-47CD-8351-F72563CA2444}.Viewer|x86.Build.0 = Viewer|Win32
		{2C7FA7AC-C5C6-48F7-8E13-8D9E3EBFA81F}.Debug 2015|x64.ActiveCfg = Debug 2015|x64
		{2C7FA7AC-C5C6-48F7-8E13-8D9E3EBFA81F}.Debug 2015|x64.Build.0 = Debug 2015|x64
		{2C7FA7AC-C5C6-48F7-8E13-8D9E3EBFA81F}.Debug 2015|x86.ActiveCfg = Debug 2015|Win32
		{2C7FA7AC-C5C6-48F7-8E13-8D9E3EBFA81F}.Debug 2015|x86.Build.0 = Debug 2015|Win32
		{2C7FA7AC-C5C6-48F7-8E13-8D9E3EBFA81F}.Debug 2016|x64.ActiveCfg = Debug 2016|x64
		{2C7FA7AC-C5C6-48F7-8E13-8D9E3EBFA81F}.Debug 2016|x64.Build.0 = Debug 2016|x64
		{2C7FA7AC-C5C6-48F7-8E13-8D9E3EBFA81F}.Debug 2016|x86.ActiveCfg = Debug 2016|Win32
		{2C7FA7AC-C5C6-48F7-8E13-8D9E3EBFA81F}.Debug 2016|x86.Build.0 = Debug 2016|Win32
		{2C7FA7AC-C5C6-48F7-8E13-8D9E3EBFA81F}.Debug 2017|x64.ActiveCfg = Debug 2017|x64
		{2C7FA7AC-C5C6-48F7-8E13-8D9E3EBFA81F}.Debug 2017|x64.Build.0 = Debug 2017|x64
		{2C7FA7AC-C5C6-48F7-8E13-8D9E3EBFA81F}.Debug 2017|x86.ActiveCfg = Debug 2017|Win32
		{2C7FA7AC-C5C6-48F7-8E13-8D9E3EBFA81F}.Debug 2017|x86.Build.0 = Debug 2017|Win32
		{2C7FA7AC-C5C6-48F7-8E13-8D9E3EBFA81F}.Debug 2018|x64.ActiveCfg = Debug 2018|x64
		{2C7FA7AC-C5C6-48F7-8E13-8D9E3EBFA81F}.Debug 2018|x64.Build.0 = Debug 2018|x64
		{2C7FA7AC-C5C6-48F7-8E13-8D9E3EBFA81F}.Debug 2018|x86.ActiveCfg = Debug 2018|Win32
		{2C7FA7AC-C5C6-48F7-8E13-8D9E3EBFA81F}.Debug 2018|x86.Build.0 = Debug 2018|Win32
		{2C7FA7AC-C5C6-48F7-8E13-8D9E3EBFA81F}.Release 2015|x64.ActiveCfg = Release 2015|x64
		{2C7FA7AC-C5C6-48F7-8E13-8D9E3EBFA81F}.Release 2015|x64.Build.0 = Release 2015|x64
		{2C7FA7AC-C5C6-48F7-8E13-8D9E3EBFA81F}.Release 2015|x86.ActiveCfg = Release 2015|Win32
		{2C7FA7AC-C5C6-48F7-8E13-8D9E3EBFA81F}.Release 2015|x86.Build.0 = Release 2015|Win32
		{2C7FA7AC-C5C6-48F7-8E13-8D9E3EBFA81F}.Release 2016|x64.ActiveCfg = Release 2016|x64
		{2C7FA7AC-C5C6-48F7-8E13-8D9E3EBFA81F}.Release 2016|x64.Build.0 = Release 2016|x64
		{2C7FA7AC-C5C6-48F7-8E13-8D9E3EBFA81F}.Release 2016|x86.ActiveCfg = Release 2016|Win32
		{2C7FA7AC-C5C6-48F7-8E13-8D9E3EBFA81F}.Release 2016|x86.Build.0 = Release 2016|Win32
		{2C7FA7AC-C5C6-48F7-8E13-8D9E3EBFA81F}.Release 2017|x64.ActiveCfg = Release 2017|x64
		{2C7FA7AC-C5C6-48F7-8E13-8D9E3EBFA81F}.Release 2017|x64.Build.0 = Release 2017|x64
		{2C7FA7AC-C5C6-48F7-8E13-8D9E3EBFA81F}.Release 2017|x86.ActiveCfg = Release 2017|Win32
		{2C7FA7AC-C5C6-48F7-8E13-8D9E3EBFA81F}.Release 2017|x86.Build.0 = Release 2017|Win32
		{2C7FA7AC-C5C6-48F7-8E13-8D9E3EBFA81F}.Release 2018|x64.ActiveCfg = Release 2018|x64
		{2C7FA7AC-C5C6-48F7-8E13-8D9E3EBFA81F}.Release 2018|x64.Build.0 = Release 2018|x64
		{2C7FA7AC-C5C6-48F7-8E13-8D9E3EBFA81F}.Release 2018|x86.ActiveCfg = Release 2018|Win32
		{2C7FA7AC-C5C6-48F7-8E13-8D9E3EBFA81F}.Release 2018|x86.Build.0 = Release 2018|Win32
		{2C7FA7AC-C5C6-48F7-8E13-8D9E3EBFA81F}.Viewer|x64.ActiveCfg = Viewer|x64
		{2C7FA7AC-C5C6-48F7-8E13-8D9E3EBFA81F}.Viewer|x64.Build.0 = Viewer|x64
		{2C7FA7AC-C5C6-48F7-8E13-8D9E3EBFA81F}.Viewer|x86.ActiveCfg = Viewer|Win32
		{2C7FA7AC-C5C6-48F7-8E13-8D9E3EBFA81F}.Viewer|x86.Build.0 = Viewer|Win32
		{450CC6BC-14FF-442D-B444-F97BBFD43FEE}.Debug 2015|x64.ActiveCfg = Debug|x64
		{450CC6BC-14FF-442D-B444-F97BBFD43FEE}.Debug 2015|x86.ActiveCfg = Debug|Win32
		{450CC6BC-14FF-442D-B444-F97BBFD43FEE}.Debug 2015|x86.Build.0 = Debug|Win32
		{450CC6BC-14FF-442D-B444-F97BBFD43FEE}.Debug 2016|x64.ActiveCfg = Debug|x64
		{450CC6BC-14FF-442D-B444-F97BBFD43FEE}.Debug 2016|x86.ActiveCfg = Debug|Win32
		{450CC6BC-14FF-442D-B444-F97BBFD43FEE}.Debug 2016|x86.Build.0 = Debug|Win32
		{450CC6BC-14FF-442D-B444-F97BBFD43FEE}.Debug 2017|x64.ActiveCfg = Debug 2017|x64
		{450CC6BC-14FF-442D-B444-F97BBFD43FEE}.Debug 2017|x86.ActiveCfg = Debug 2017|Win32
		{450CC6BC-14FF-442D-B444-F97BBFD43FEE}.Debug 2017|x86.Build.0 = Debug 2017|Win32
		{450CC6BC-14FF-442D-B444-F97BBFD43FEE}.Debug 2018|x64.ActiveCfg = Debug 2018|x64
		{450CC6BC-14FF-442D-B444-F97BBFD43FEE}.Debug 2018|x86.ActiveCfg = Debug 2018|Win32
		{450CC6BC-14FF-442D-B444-F97BBFD43FEE}.Debug 2018|x86.Build.0 = Debug 2018|Win32
		{450CC6BC-14FF-442D-B444-F97BBFD43FEE}.Release 2015|x64.ActiveCfg = Release|x64
		{450CC6BC-14FF-442D-B444-F97BBFD43FEE}.Release 2015|x86.ActiveCfg = Release|Win32
		{450CC6BC-14FF-442D-B444-F97BBFD43FEE}.Release 2015|x86.Build.0 = Release|Win32
		{450CC6BC-14FF-442D-B444-F97BBFD43FEE}.Release 2016|x64.ActiveCfg = Release|x64
		{450CC6BC-14FF-442D-B444-F97BBFD43FEE}.Release 2016|x86.ActiveCfg = Release|Win32
		{450CC6BC-14FF-442D-B444-F97BBFD43FEE}.Release 2016|x86.Build.0 = Release|Win32
		{450CC6BC-14FF-442D-B444-F97BBFD43FEE}.Release 2017|x64.ActiveCfg = Release 2017|x64
		{450CC6BC-14FF-442D-B444-F97BBFD43FEE}.Release 2017|x86.ActiveCfg = Release 2017|Win32
		{450CC6BC-14FF-442D-B444-F97BBFD43FEE}.Release 2017|x86.Build.0 = Release 2017|Win32
		{450CC6BC-14FF-442D-B444-F97BBFD43FEE}.Release 2018|x64.ActiveCfg = Release 2018|x64
		{450CC6BC-14FF-442D-B444-F97BBFD43FEE}.Release 2018|x86.ActiveCfg = Release 2018|Win32
		{450CC6BC-14FF-442D-B444-F97BBFD43FEE}.Release 2018|x86.Build.0 = Release 2018|Win32
		{450CC6BC-14FF-442D-B444-F97BBFD43FEE}.Viewer|x64.ActiveCfg = Viewer|x64
		{450CC6BC-14FF-442D-B444-F97BBFD43FEE}.Viewer|x64.Build.0 = Viewer|x64
		{450CC6BC-14FF-442D-B444-F97BBFD43FEE}.Viewer|x86.ActiveCfg = Viewer|Win32
		{450CC6BC-14FF-442D-B444-F97BBFD43FEE}.Viewer|x86.Build.0 = Viewer|Win32
	EndGlobalSection
	GlobalSection(SolutionProperties) = preSolution
		HideSolutionNode = FALSE
	EndGlobalSection
	GlobalSection(ExtensibilityGlobals) = postSolution
		SolutionGuid = {C39AC14B-8E71-469B-B580-AC8E5B594323}
	EndGlobalSection
EndGlobal
