<?xml version="1.0" encoding="utf-8"?>
<Project ToolsVersion="4.0" xmlns="http://schemas.microsoft.com/developer/msbuild/2003">
  <ItemGroup>
    <Filter Include="Source Files">
      <UniqueIdentifier>{4FC737F1-C7A5-4376-A066-2A32D752A2FF}</UniqueIdentifier>
      <Extensions>cpp;c;cc;cxx;def;odl;idl;hpj;bat;asm;asmx</Extensions>
    </Filter>
    <Filter Include="Header Files">
      <UniqueIdentifier>{93995380-89BD-4b04-88EB-625FBE52EBFB}</UniqueIdentifier>
      <Extensions>h;hh;hpp;hxx;hm;inl;inc;xsd</Extensions>
    </Filter>
    <Filter Include="Resource Files">
      <UniqueIdentifier>{67DA6AB6-F800-4c08-8B7A-83BB121AAD01}</UniqueIdentifier>
      <Extensions>rc;ico;cur;bmp;dlg;rc2;rct;bin;rgs;gif;jpg;jpeg;jpe;resx;tiff;tif;png;wav;mfcribbon-ms</Extensions>
    </Filter>
  </ItemGroup>
  <ItemGroup>
    <ClInclude Include="stdafx.h">
      <Filter>Header Files</Filter>
    </ClInclude>
    <ClInclude Include="targetver.h">
      <Filter>Header Files</Filter>
    </ClInclude>
    <ClInclude Include="buffersource.h">
      <Filter>Header Files</Filter>
    </ClInclude>
    <ClInclude Include="cal3d.h">
      <Filter>Header Files</Filter>
    </ClInclude>
    <ClInclude Include="calbone.h">
      <Filter>Header Files</Filter>
    </ClInclude>
    <ClInclude Include="calcoreanim.h">
      <Filter>Header Files</Filter>
    </ClInclude>
    <ClInclude Include="calcorebone.h">
      <Filter>Header Files</Filter>
    </ClInclude>
    <ClInclude Include="calcorekey.h">
      <Filter>Header Files</Filter>
    </ClInclude>
    <ClInclude Include="calcoremodel.h">
      <Filter>Header Files</Filter>
    </ClInclude>
    <ClInclude Include="calcoresub.h">
      <Filter>Header Files</Filter>
    </ClInclude>
    <ClInclude Include="calcoretrack.h">
      <Filter>Header Files</Filter>
    </ClInclude>
    <ClInclude Include="caldatasource.h">
      <Filter>Header Files</Filter>
    </ClInclude>
    <ClInclude Include="calerror.h">
      <Filter>Header Files</Filter>
    </ClInclude>
    <ClInclude Include="calglobal.h">
      <Filter>Header Files</Filter>
    </ClInclude>
    <ClInclude Include="calloader.h">
      <Filter>Header Files</Filter>
    </ClInclude>
    <ClInclude Include="calmatrix.h">
      <Filter>Header Files</Filter>
    </ClInclude>
    <ClInclude Include="calmodel.h">
      <Filter>Header Files</Filter>
    </ClInclude>
    <ClInclude Include="calphysop.h">
      <Filter>Header Files</Filter>
    </ClInclude>
    <ClInclude Include="calplatform.h">
      <Filter>Header Files</Filter>
    </ClInclude>
    <ClInclude Include="calquat.h">
      <Filter>Header Files</Filter>
    </ClInclude>
    <ClInclude Include="calsaver.h">
      <Filter>Header Files</Filter>
    </ClInclude>
    <ClInclude Include="calsub.h">
      <Filter>Header Files</Filter>
    </ClInclude>
    <ClInclude Include="calvector.h">
      <Filter>Header Files</Filter>
    </ClInclude>
    <ClInclude Include="streamsource.h">
      <Filter>Header Files</Filter>
    </ClInclude>
  </ItemGroup>
  <ItemGroup>
    <ClCompile Include="stdafx.cpp">
      <Filter>Source Files</Filter>
    </ClCompile>
    <ClCompile Include="buffersource.cpp">
      <Filter>Source Files</Filter>
    </ClCompile>
    <ClCompile Include="calbone.cpp">
      <Filter>Source Files</Filter>
    </ClCompile>
    <ClCompile Include="calcoreanim.cpp">
      <Filter>Source Files</Filter>
    </ClCompile>
    <ClCompile Include="calcorebone.cpp">
      <Filter>Source Files</Filter>
    </ClCompile>
    <ClCompile Include="calcorekey.cpp">
      <Filter>Source Files</Filter>
    </ClCompile>
    <ClCompile Include="calcoremodel.cpp">
      <Filter>Source Files</Filter>
    </ClCompile>
    <ClCompile Include="calcoresub.cpp">
      <Filter>Source Files</Filter>
    </ClCompile>
    <ClCompile Include="calcoretrack.cpp">
      <Filter>Source Files</Filter>
    </ClCompile>
    <ClCompile Include="calerror.cpp">
      <Filter>Source Files</Filter>
    </ClCompile>
    <ClCompile Include="calglobal.cpp">
      <Filter>Source Files</Filter>
    </ClCompile>
    <ClCompile Include="calloader.cpp">
      <Filter>Source Files</Filter>
    </ClCompile>
    <ClCompile Include="calmatrix.cpp">
      <Filter>Source Files</Filter>
    </ClCompile>
    <ClCompile Include="calmodel.cpp">
      <Filter>Source Files</Filter>
    </ClCompile>
    <ClCompile Include="calplatform.cpp">
      <Filter>Source Files</Filter>
    </ClCompile>
    <ClCompile Include="calquat.cpp">
      <Filter>Source Files</Filter>
    </ClCompile>
    <ClCompile Include="calsaver.cpp">
      <Filter>Source Files</Filter>
    </ClCompile>
    <ClCompile Include="calsub.cpp">
      <Filter>Source Files</Filter>
    </ClCompile>
    <ClCompile Include="calvector.cpp">
      <Filter>Source Files</Filter>
    </ClCompile>
    <ClCompile Include="streamsource.cpp">
      <Filter>Source Files</Filter>
    </ClCompile>
  </ItemGroup>
</Project>